
Microsoft Visual Studio Solution File, Format Version 12.00
# Visual Studio Version 16
VisualStudioVersion = 16.0.31624.102
MinimumVisualStudioVersion = 10.0.40219.1
Project("{FAE04EC0-301F-11D3-BF4B-00C04F79EFBC}") = "Homework2", "Homework2.csproj", "{0540A972-CC75-455E-9168-8190BD24E003}"
EndProject
Global
	GlobalSection(SolutionConfigurationPlatforms) = preSolution
		Debug|Any CPU = Debug|Any CPU
		Release|Any CPU = Release|Any CPU
	EndGlobalSection
	GlobalSection(ProjectConfigurationPlatforms) = postSolution
		{0540A972-CC75-455E-9168-8190BD24E003}.Debug|Any CPU.ActiveCfg = Debug|Any CPU
		{0540A972-CC75-455E-9168-8190BD24E003}.Debug|Any CPU.Build.0 = Debug|Any CPU
		{0540A972-CC75-455E-9168-8190BD24E003}.Release|Any CPU.ActiveCfg = Release|Any CPU
		{0540A972-CC75-455E-9168-8190BD24E003}.Release|Any CPU.Build.0 = Release|Any CPU
	EndGlobalSection
	GlobalSection(SolutionProperties) = preSolution
		HideSolutionNode = FALSE
	EndGlobalSection
	GlobalSection(ExtensibilityGlobals) = postSolution
		SolutionGuid = {5236CAC5-CBA3-4D24-B649-3CC8840907FC}
	EndGlobalSection
EndGlobal
